{
  "lockfileVersion": 1,
  "configVersion": 1,
  "workspaces": {
    "": {
      "devDependencies": {
        "@typescript/native-preview": "^7.0.0-dev.20260511.1",
      },
    },
  },
  "packages": {
    "@typescript/native-preview": ["@typescript/native-preview@7.0.0-dev.20260511.1", "", { "optionalDependencies": { "@typescript/native-preview-darwin-arm64": "7.0.0-dev.20260511.1", "@typescript/native-preview-darwin-x64": "7.0.0-dev.20260511.1", "@typescript/native-preview-linux-arm": "7.0.0-dev.20260511.1", "@typescript/native-preview-linux-arm64": "7.0.0-dev.20260511.1", "@typescript/native-preview-linux-x64": "7.0.0-dev.20260511.1", "@typescript/native-preview-win32-arm64": "7.0.0-dev.20260511.1", "@typescript/native-preview-win32-x64": "7.0.0-dev.20260511.1" }, "bin": { "tsgo": "bin/tsgo.js" } }, "sha512-cUyY4Sr6065280lB6hCwTMCBMTxlEIGjSLzHym28yikA5sFiEsAzlwiU0i+XkTUIqr5K5M/SzSJiioDN+vpjtA=="],

    "@typescript/native-preview-darwin-arm64": ["@typescript/native-preview-darwin-arm64@7.0.0-dev.20260511.1", "", { "os": "darwin", "cpu": "arm64" }, "sha512-SYrqVOlapDxDG7FzHBIJbfgaix+mXPkYzYGqwpz/TAhoPA7sgbfAoGLaqi3ut9N88C/OYNhEX4tjz/0PC9i1nw=="],

    "@typescript/native-preview-darwin-x64": ["@typescript/native-preview-darwin-x64@7.0.0-dev.20260511.1", "", { "os": "darwin", "cpu": "x64" }, "sha512-zIe31OYgBvkgTIQEwJtKim6SYyuVTkr+9fK/87hVwKN15X3Ikjeh0C0g2W/Vl4rXeMvy95wBGDN1jpW11DIvgg=="],

    "@typescript/native-preview-linux-arm": ["@typescript/native-preview-linux-arm@7.0.0-dev.20260511.1", "", { "os": "linux", "cpu": "arm" }, "sha512-02b45lpPmYf125PvcnK67WW93N55qwKmtInwfVefV997S17Ib3h6hlCW4e24BDhNsGRCSLhPA4Lu7ZvTq5pLkw=="],

    "@typescript/native-preview-linux-arm64": ["@typescript/native-preview-linux-arm64@7.0.0-dev.20260511.1", "", { "os": "linux", "cpu": "arm64" }, "sha512-YbmCQXGYkDChGFG7hXJzIgmRjtU1kE5VK/+k322nGnbq4ePqSjS3dS0+ehPATmvfO1XjCDfh3ekED+AtmWk6aQ=="],

    "@typescript/native-preview-linux-x64": ["@typescript/native-preview-linux-x64@7.0.0-dev.20260511.1", "", { "os": "linux", "cpu": "x64" }, "sha512-e+TweaVJFaM96tV1UM1kRfk2y8QBkZtz7+0wcxrDGmyJz3IIRUlg1btocaBkhsmVtQPXMr37RutBBMgpl3vgUg=="],

    "@typescript/native-preview-win32-arm64": ["@typescript/native-preview-win32-arm64@7.0.0-dev.20260511.1", "", { "os": "win32", "cpu": "arm64" }, "sha512-zgkoGiCpOrly5h8ghcuu6ZNSfrnRqtHoCq584Q92+s4D/j1MU3oKkGPvmkezp5Mj2v7ffR9AjU+lWRDkrfm6eA=="],

    "@typescript/native-preview-win32-x64": ["@typescript/native-preview-win32-x64@7.0.0-dev.20260511.1", "", { "os": "win32", "cpu": "x64" }, "sha512-SUm7iVYzKaflol+QwH0Ny5jZtco6PJduI+h/TEg0sgBJzVBa+9RN4I9+Xu9v+EJ1bci3XI7835IRdSP36lCgCw=="],
  }
}
