{
  "version": "5",
  "specifiers": {
    "jsr:@std/assert@1.0.3": "1.0.3",
    "jsr:@std/cache@0.1.1": "0.1.1",
    "jsr:@std/collections@1.0.5": "1.0.5",
    "jsr:@std/internal@^1.0.2": "1.0.14",
    "jsr:@std/regexp@1.0.0": "1.0.0",
    "jsr:@std/semver@1.0.2": "1.0.2",
    "jsr:@std/text@1.0.4": "1.0.4",
    "npm:oxfmt@0.51.0": "0.51.0"
  },
  "jsr": {
    "@std/assert@1.0.3": {
      "integrity": "b0d03ce1ced880df67132eea140623010d415848df66f6aa5df76507ca7c26d8",
      "dependencies": [
        "jsr:@std/internal"
      ]
    },
    "@std/cache@0.1.1": {
      "integrity": "6257140515645e4c210526cd6fd8e902dd887831e4728d3a27a94fe2bfebc8ff"
    },
    "@std/collections@1.0.5": {
      "integrity": "ab9eac23b57a0c0b89ba45134e61561f69f3d001f37235a248ed40be260c0c10"
    },
    "@std/internal@1.0.14": {
      "integrity": "291516b3d4c35024d6ffbc0a9df5bf4c64116e05b50012cf846710152d2ffdf7"
    },
    "@std/regexp@1.0.0": {
      "integrity": "158628d134c49a0858afe05017c4666f5f73d3a56602c346549ca42f3fab244a"
    },
    "@std/semver@1.0.2": {
      "integrity": "1e5fd337c687ca64c0809253eca4d4815874ced59b04f0882da5ff9a302f8129"
    },
    "@std/text@1.0.4": {
      "integrity": "8f31643fbd61fcd1f12c58ba5f90a23f6df6fff27894ee907867f7f237f308e7"
    }
  },
  "npm": {
    "@oxfmt/binding-android-arm-eabi@0.51.0": {
      "integrity": "sha512-Ni0sCqg5CIHaLIYFGj+ncbcumylvNC6FE4rfD0KfdmnWHbPJ+zev0qZCXKxy2hFVa0fYRK0yPzf5nzPbkZou7g==",
      "os": ["android"],
      "cpu": ["arm"]
    },
    "@oxfmt/binding-android-arm64@0.51.0": {
      "integrity": "sha512-eu5lAZjuo0KAkp+M24EhDqfOwA8owQ8d7wyBlOUUGRbDLHpU3IRlDHp8Dif+YqGlxs6jra7yS6WQu/NkPhAxeg==",
      "os": ["android"],
      "cpu": ["arm64"]
    },
    "@oxfmt/binding-darwin-arm64@0.51.0": {
      "integrity": "sha512-6LsUNIdURhhcIfIn8+xsOb61mSTa9msAHTeSGx9Jf4rsP/gN8PGCF+SKWPAQZbND2w/WBkqQ6303jqEEIXzMdQ==",
      "os": ["darwin"],
      "cpu": ["arm64"]
    },
    "@oxfmt/binding-darwin-x64@0.51.0": {
      "integrity": "sha512-9aUMGmVxdHjYMsEAW1tNRoieTJXlVNDFkRvIR1J7LttJXWjVYCu2ekclLij2KJtxBxSQOYSHd12ME/adVGVbZg==",
      "os": ["darwin"],
      "cpu": ["x64"]
    },
    "@oxfmt/binding-freebsd-x64@0.51.0": {
      "integrity": "sha512-mkY1nhZTqYb+NHaAWxOCKISN6FwdrwMNsu17vTUA3wzUV2VJ+Paq15ZokRcsMU/2PUdHO73prxyeJpjXQ3MPpQ==",
      "os": ["freebsd"],
      "cpu": ["x64"]
    },
    "@oxfmt/binding-linux-arm-gnueabihf@0.51.0": {
      "integrity": "sha512-wtFwNwE4+YCNuPaWoGDZeGsKvD6D1YSUNBJNn/rJBh7CrDBThFE+TBI5kY7vRW9rIOQRsbW2IpyyL3Du4Zqwiw==",
      "os": ["linux"],
      "cpu": ["arm"]
    },
    "@oxfmt/binding-linux-arm-musleabihf@0.51.0": {
      "integrity": "sha512-rnOaNx86G7iRKM6lsCIQMux0SMGNC/TEbFR+r7lpruJ12bnrIWgxd5w1PLqOvgR9r8ZJbpK/zfRKctJnh8/Jfg==",
      "os": ["linux"],
      "cpu": ["arm"]
    },
    "@oxfmt/binding-linux-arm64-gnu@0.51.0": {
      "integrity": "sha512-jOgDzSqWcICGRjsp4mc08FxKMN8vzP2Kgs4E0d2HUP99F+nJDQKklRV4Zuj+0gcBgjrzx2CbpqaIdUVPepCojA==",
      "os": ["linux"],
      "cpu": ["arm64"]
    },
    "@oxfmt/binding-linux-arm64-musl@0.51.0": {
      "integrity": "sha512-KBUCdrH5bwVrAvI9gU/1S55oH6fzXjr++J/oVocdu7bYTks1l7DNNT+rLd/1TDdAEjObGwmfWamn7LC1m8A0DQ==",
      "os": ["linux"],
      "cpu": ["arm64"]
    },
    "@oxfmt/binding-linux-ppc64-gnu@0.51.0": {
      "integrity": "sha512-NapfjYsABFqTJ1Dn9Efq6sN5esaHconVKwVLbDGNQLrwpOx/g17mkwErHzU72PutL67nf3wNAkbq122H+zLxag==",
      "os": ["linux"],
      "cpu": ["ppc64"]
    },
    "@oxfmt/binding-linux-riscv64-gnu@0.51.0": {
      "integrity": "sha512-5dlDt1dUZCVi6elIhiK1PWg9wpTzTcIuj0IZnSurvIoMrhOWqqTcc1dSTxcSkNaBZhfsNqRZdINI1zAgbKkJNQ==",
      "os": ["linux"],
      "cpu": ["riscv64"]
    },
    "@oxfmt/binding-linux-riscv64-musl@0.51.0": {
      "integrity": "sha512-pgdWUJn0S5nulyiVdlFV8DzCUnGXkU99W5PSkkmbaZW+LrZBPxpezun4G0DDHbQaVYuJeCuKsXsGKGo77CkUTQ==",
      "os": ["linux"],
      "cpu": ["riscv64"]
    },
    "@oxfmt/binding-linux-s390x-gnu@0.51.0": {
      "integrity": "sha512-2XTFUe97CbDGAI8vjwDfZ1HdakO0XIADyJ24idEg64SC4/K4in/OisXVnrW4NMK7I6TgC7EqRhC0Ln/nKhAemA==",
      "os": ["linux"],
      "cpu": ["s390x"]
    },
    "@oxfmt/binding-linux-x64-gnu@0.51.0": {
      "integrity": "sha512-kQ1OuCqqt/yyf0ZN9VFxW1/JnlgJgii3Dr7pWf9vNBvrX1hv6g39/+mc5oGRHRGJFZtl3zsGDWR9c5N2B/gwBw==",
      "os": ["linux"],
      "cpu": ["x64"]
    },
    "@oxfmt/binding-linux-x64-musl@0.51.0": {
      "integrity": "sha512-ARTYqxHF475o96Gbn41hvSWSSRygPlRDXZZgZ9I2scU1y0qiWpCQyZCoefaQa0mwv+wwtZ+luS4YOzsRzM/izg==",
      "os": ["linux"],
      "cpu": ["x64"]
    },
    "@oxfmt/binding-openharmony-arm64@0.51.0": {
      "integrity": "sha512-QiC1XrCl6a6BmqMzduO8hdIRMf1m44hCkt2Q68KWkTvUB/E7fd2iomyNh6KnnRca5w6eBrRAAtLFqTh+xjsjJA==",
      "os": ["openharmony"],
      "cpu": ["arm64"]
    },
    "@oxfmt/binding-win32-arm64-msvc@0.51.0": {
      "integrity": "sha512-NC/hJb9dtU23Zf8L7IVK95xnFjiQ7AfcLO2l5pb69TDEr958qxrtnB2CveeeNSCBFNIkgaTCfd/vHNSoG78l9g==",
      "os": ["win32"],
      "cpu": ["arm64"]
    },
    "@oxfmt/binding-win32-ia32-msvc@0.51.0": {
      "integrity": "sha512-2C45za4Rj36n8YIbhRL1PQbxmXJYf81WEcAgvj5I4ptRROG+A+81hREEN5bmCHADE1UfYaN312U6tkILoZZy6w==",
      "os": ["win32"],
      "cpu": ["ia32"]
    },
    "@oxfmt/binding-win32-x64-msvc@0.51.0": {
      "integrity": "sha512-73RqdAuVKQTkjZIDw08JaDHUM4lav5Qu+CaPwg4QbbA7k8o7LEW0p3UsfZ/F8dsO/pwVYh3RzFcanwLRTTahbQ==",
      "os": ["win32"],
      "cpu": ["x64"]
    },
    "oxfmt@0.51.0": {
      "integrity": "sha512-l/AoAnaEOV7Q5/Z9kHOMDehVJnCgYN7wRoooWCTUMBMi16BJhLZqd9cmCnwcVFfVlzkt53zK2KLPFNp8vSsoDg==",
      "dependencies": [
        "tinypool"
      ],
      "optionalDependencies": [
        "@oxfmt/binding-android-arm-eabi",
        "@oxfmt/binding-android-arm64",
        "@oxfmt/binding-darwin-arm64",
        "@oxfmt/binding-darwin-x64",
        "@oxfmt/binding-freebsd-x64",
        "@oxfmt/binding-linux-arm-gnueabihf",
        "@oxfmt/binding-linux-arm-musleabihf",
        "@oxfmt/binding-linux-arm64-gnu",
        "@oxfmt/binding-linux-arm64-musl",
        "@oxfmt/binding-linux-ppc64-gnu",
        "@oxfmt/binding-linux-riscv64-gnu",
        "@oxfmt/binding-linux-riscv64-musl",
        "@oxfmt/binding-linux-s390x-gnu",
        "@oxfmt/binding-linux-x64-gnu",
        "@oxfmt/binding-linux-x64-musl",
        "@oxfmt/binding-openharmony-arm64",
        "@oxfmt/binding-win32-arm64-msvc",
        "@oxfmt/binding-win32-ia32-msvc",
        "@oxfmt/binding-win32-x64-msvc"
      ],
      "bin": true
    },
    "tinypool@2.1.0": {
      "integrity": "sha512-Pugqs6M0m7Lv1I7FtxN4aoyToKg1C4tu+/381vH35y8oENM/Ai7f7C4StcoK4/+BSw9ebcS8jRiVrORFKCALLw=="
    }
  }
}
