{
  "version": "5",
  "specifiers": {
    "jsr:@std/assert@1.0.3": "1.0.3",
    "jsr:@std/cache@0.1.1": "0.1.1",
    "jsr:@std/collections@1.0.5": "1.0.5",
    "jsr:@std/internal@^1.0.2": "1.0.14",
    "jsr:@std/regexp@1.0.0": "1.0.0",
    "jsr:@std/semver@1.0.2": "1.0.2",
    "jsr:@std/text@1.0.4": "1.0.4"
  },
  "jsr": {
    "@std/assert@1.0.3": {
      "integrity": "b0d03ce1ced880df67132eea140623010d415848df66f6aa5df76507ca7c26d8",
      "dependencies": [
        "jsr:@std/internal"
      ]
    },
    "@std/cache@0.1.1": {
      "integrity": "6257140515645e4c210526cd6fd8e902dd887831e4728d3a27a94fe2bfebc8ff"
    },
    "@std/collections@1.0.5": {
      "integrity": "ab9eac23b57a0c0b89ba45134e61561f69f3d001f37235a248ed40be260c0c10"
    },
    "@std/internal@1.0.14": {
      "integrity": "291516b3d4c35024d6ffbc0a9df5bf4c64116e05b50012cf846710152d2ffdf7"
    },
    "@std/regexp@1.0.0": {
      "integrity": "158628d134c49a0858afe05017c4666f5f73d3a56602c346549ca42f3fab244a"
    },
    "@std/semver@1.0.2": {
      "integrity": "1e5fd337c687ca64c0809253eca4d4815874ced59b04f0882da5ff9a302f8129"
    },
    "@std/text@1.0.4": {
      "integrity": "8f31643fbd61fcd1f12c58ba5f90a23f6df6fff27894ee907867f7f237f308e7"
    }
  }
}
